
Microsoft Visual Studio Solution File, Format Version 12.00
# Visual Studio Version 17
VisualStudioVersion = 17.14.37012.4 d17.14
MinimumVisualStudioVersion = 10.0.40219.1
Project("{FAE04EC0-301F-11D3-BF4B-00C04F79EFBC}") = "12.05.2026", "12.05.2026\12.05.2026.csproj", "{B0237327-6FB0-4C89-8461-219AC9ED8ADE}"
EndProject
Global
	GlobalSection(SolutionConfigurationPlatforms) = preSolution
		Debug|Any CPU = Debug|Any CPU
		Release|Any CPU = Release|Any CPU
	EndGlobalSection
	GlobalSection(ProjectConfigurationPlatforms) = postSolution
		{B0237327-6FB0-4C89-8461-219AC9ED8ADE}.Debug|Any CPU.ActiveCfg = Debug|Any CPU
		{B0237327-6FB0-4C89-8461-219AC9ED8ADE}.Debug|Any CPU.Build.0 = Debug|Any CPU
		{B0237327-6FB0-4C89-8461-219AC9ED8ADE}.Release|Any CPU.ActiveCfg = Release|Any CPU
		{B0237327-6FB0-4C89-8461-219AC9ED8ADE}.Release|Any CPU.Build.0 = Release|Any CPU
	EndGlobalSection
	GlobalSection(SolutionProperties) = preSolution
		HideSolutionNode = FALSE
	EndGlobalSection
	GlobalSection(ExtensibilityGlobals) = postSolution
		SolutionGuid = {E8907280-FED3-48A5-925F-272E551A384F}
	EndGlobalSection
EndGlobal
